<?xml version="1.0" encoding="utf-8"?>
<Project ToolsVersion="4.0" xmlns="http://schemas.microsoft.com/developer/msbuild/2003">
  <ItemGroup>
    <Filter Include="Source Files">
      <UniqueIdentifier>{4FC737F1-C7A5-4376-A066-2A32D752A2FF}</UniqueIdentifier>
      <Extensions>cpp;c;cc;cxx;def;odl;idl;hpj;bat;asm;asmx</Extensions>
    </Filter>
    <Filter Include="Header Files">
      <UniqueIdentifier>{93995380-89BD-4b04-88EB-625FBE52EBFB}</UniqueIdentifier>
      <Extensions>h;hpp;hxx;hm;inl;inc;xsd</Extensions>
    </Filter>
    <Filter Include="Resource Files">
      <UniqueIdentifier>{67DA6AB6-F800-4c08-8B7A-83BB121AAD01}</UniqueIdentifier>
      <Extensions>rc;ico;cur;bmp;dlg;rc2;rct;bin;rgs;gif;jpg;jpeg;jpe;resx;tiff;tif;png;wav;mfcribbon-ms</Extensions>
    </Filter>
    <Filter Include="Header Files\parser">
      <UniqueIdentifier>{a3489757-1e9e-498b-8343-138b55f754d2}</UniqueIdentifier>
    </Filter>
    <Filter Include="Source Files\parser">
      <UniqueIdentifier>{c8c6cae3-36d5-4dc7-9bca-ad642ee49474}</UniqueIdentifier>
    </Filter>
  </ItemGroup>
  <ItemGroup>
    <ClCompile Include="main.cpp">
      <Filter>Source Files</Filter>
    </ClCompile>
    <ClCompile Include="parser\parser.cpp">
      <Filter>Source Files\parser</Filter>
    </ClCompile>
    <ClCompile Include="parser\tokens.cpp">
      <Filter>Source Files\parser</Filter>
    </ClCompile>
    <ClCompile Include="MccFunctionDeclaration.cpp">
      <Filter>Source Files</Filter>
    </ClCompile>
    <ClCompile Include="MccExpression.cpp">
      <Filter>Source Files</Filter>
    </ClCompile>
    <ClCompile Include="MccStatement.cpp">
      <Filter>Source Files</Filter>
    </ClCompile>
    <ClCompile Include="MccAssignStatement.cpp">
      <Filter>Source Files</Filter>
    </ClCompile>
    <ClCompile Include="MccFuncParameter.cpp">
      <Filter>Source Files</Filter>
    </ClCompile>
    <ClCompile Include="MccIdentifier.cpp">
      <Filter>Source Files</Filter>
    </ClCompile>
    <ClCompile Include="MccBlockStatement.cpp">
      <Filter>Source Files</Filter>
    </ClCompile>
    <ClCompile Include="MccConditionStatement.cpp">
      <Filter>Source Files</Filter>
    </ClCompile>
    <ClCompile Include="MccIfStatement.cpp">
      <Filter>Source Files</Filter>
    </ClCompile>
    <ClCompile Include="MccWhileStatement.cpp">
      <Filter>Source Files</Filter>
    </ClCompile>
    <ClCompile Include="MccIntLiteral.cpp">
      <Filter>Source Files</Filter>
    </ClCompile>
    <ClCompile Include="MccBinaryOperatorExpression.cpp">
      <Filter>Source Files</Filter>
    </ClCompile>
    <ClCompile Include="MccUnaryOperatorExpression.cpp">
      <Filter>Source Files</Filter>
    </ClCompile>
    <ClCompile Include="MccArrayAccessExpression.cpp">
      <Filter>Source Files</Filter>
    </ClCompile>
    <ClCompile Include="MccMethodCallExpression.cpp">
      <Filter>Source Files</Filter>
    </ClCompile>
    <ClCompile Include="MccDeclaration.cpp">
      <Filter>Source Files</Filter>
    </ClCompile>
    <ClCompile Include="MccVariableDeclaration.cpp">
      <Filter>Source Files</Filter>
    </ClCompile>
    <ClCompile Include="MccExpressionList.cpp">
      <Filter>Source Files</Filter>
    </ClCompile>
    <ClCompile Include="MccFuncParameterList.cpp">
      <Filter>Source Files</Filter>
    </ClCompile>
    <ClCompile Include="MccDeclarationList.cpp">
      <Filter>Source Files</Filter>
    </ClCompile>
    <ClCompile Include="MccBreakStatement.cpp">
      <Filter>Source Files</Filter>
    </ClCompile>
    <ClCompile Include="MccContinueStatement.cpp">
      <Filter>Source Files</Filter>
    </ClCompile>
    <ClCompile Include="MccReturnStatement.cpp">
      <Filter>Source Files</Filter>
    </ClCompile>
    <ClCompile Include="MccStatementList.cpp">
      <Filter>Source Files</Filter>
    </ClCompile>
    <ClCompile Include="MccRobot.cpp">
      <Filter>Source Files</Filter>
    </ClCompile>
    <ClCompile Include="MccSemanticErrorChecker.cpp">
      <Filter>Source Files</Filter>
    </ClCompile>
    <ClCompile Include="MccSemanticError.cpp">
      <Filter>Source Files</Filter>
    </ClCompile>
    <ClCompile Include="MccVariableTypeChecker.cpp">
      <Filter>Source Files</Filter>
    </ClCompile>
    <ClCompile Include="MccVariableTypeError.cpp">
      <Filter>Source Files</Filter>
    </ClCompile>
    <ClCompile Include="MccMethodParameterNameExistChecker.cpp">
      <Filter>Source Files</Filter>
    </ClCompile>
    <ClCompile Include="MccMethodDefinitionLackParameterNameError.cpp">
      <Filter>Source Files</Filter>
    </ClCompile>
  </ItemGroup>
  <ItemGroup>
    <ClInclude Include="parser\parser.hpp">
      <Filter>Header Files\parser</Filter>
    </ClInclude>
    <ClInclude Include="MccFunctionDeclaration.h">
      <Filter>Header Files</Filter>
    </ClInclude>
    <ClInclude Include="MccStatement.h">
      <Filter>Header Files</Filter>
    </ClInclude>
    <ClInclude Include="MccExpression.h">
      <Filter>Header Files</Filter>
    </ClInclude>
    <ClInclude Include="MccAssignStatement.h">
      <Filter>Header Files</Filter>
    </ClInclude>
    <ClInclude Include="MccFuncParameter.h">
      <Filter>Header Files</Filter>
    </ClInclude>
    <ClInclude Include="MccIdentifier.h">
      <Filter>Header Files</Filter>
    </ClInclude>
    <ClInclude Include="MccBlockStatement.h">
      <Filter>Header Files</Filter>
    </ClInclude>
    <ClInclude Include="MccConditionStatement.h">
      <Filter>Header Files</Filter>
    </ClInclude>
    <ClInclude Include="MccIfStatement.h">
      <Filter>Header Files</Filter>
    </ClInclude>
    <ClInclude Include="MccWhileStatement.h">
      <Filter>Header Files</Filter>
    </ClInclude>
    <ClInclude Include="MccIntLiteral.h">
      <Filter>Header Files</Filter>
    </ClInclude>
    <ClInclude Include="MccBinaryOperatorExpression.h">
      <Filter>Header Files</Filter>
    </ClInclude>
    <ClInclude Include="MccUnaryOperatorExpression.h">
      <Filter>Header Files</Filter>
    </ClInclude>
    <ClInclude Include="MccArrayAccessExpression.h">
      <Filter>Header Files</Filter>
    </ClInclude>
    <ClInclude Include="MccMethodCallExpression.h">
      <Filter>Header Files</Filter>
    </ClInclude>
    <ClInclude Include="MccPublicType.h">
      <Filter>Header Files</Filter>
    </ClInclude>
    <ClInclude Include="MccExpressionList.h">
      <Filter>Header Files</Filter>
    </ClInclude>
    <ClInclude Include="MccFuncParameterList.h">
      <Filter>Header Files</Filter>
    </ClInclude>
    <ClInclude Include="MccDeclarationList.h">
      <Filter>Header Files</Filter>
    </ClInclude>
    <ClInclude Include="MccDeclaration.h">
      <Filter>Header Files</Filter>
    </ClInclude>
    <ClInclude Include="MccVariableDeclaration.h">
      <Filter>Header Files</Filter>
    </ClInclude>
    <ClInclude Include="MccBreakStatement.h">
      <Filter>Header Files</Filter>
    </ClInclude>
    <ClInclude Include="MccContinueStatement.h">
      <Filter>Header Files</Filter>
    </ClInclude>
    <ClInclude Include="MccReturnStatement.h">
      <Filter>Header Files</Filter>
    </ClInclude>
    <ClInclude Include="MccStatementList.h">
      <Filter>Header Files</Filter>
    </ClInclude>
    <ClInclude Include="MccRobot.h">
      <Filter>Header Files</Filter>
    </ClInclude>
    <ClInclude Include="Utility.h">
      <Filter>Header Files</Filter>
    </ClInclude>
    <ClInclude Include="MccSemanticErrorChecker.h">
      <Filter>Header Files</Filter>
    </ClInclude>
    <ClInclude Include="MccSemanticError.h">
      <Filter>Header Files</Filter>
    </ClInclude>
    <ClInclude Include="MccVariableTypeChecker.h">
      <Filter>Header Files</Filter>
    </ClInclude>
    <ClInclude Include="MccVariableTypeError.h">
      <Filter>Header Files</Filter>
    </ClInclude>
    <ClInclude Include="MccMethodParameterNameExistChecker.h">
      <Filter>Header Files</Filter>
    </ClInclude>
    <ClInclude Include="MccMethodDefinitionLackParameterNameError.h">
      <Filter>Header Files</Filter>
    </ClInclude>
  </ItemGroup>
  <ItemGroup>
    <None Include="ClassDiagram1.cd" />
  </ItemGroup>
</Project>